// !$*UTF8*$!
{
	archiveVersion = 1;
	classes = {
	};
	objectVersion = 50;
	objects = {

/* Begin PBXBuildFile section */
		CB26E69A208DE6F600DEFA69 /* 105549951.jpg in Resources */ = {isa = PBXBuildFile; fileRef = CB26E699208DE6F600DEFA69 /* 105549951.jpg */; };
		CB3344A8208F15110007F646 /* ResultViewController.swift in Sources */ = {isa = PBXBuildFile; fileRef = CB3344A7208F15110007F646 /* ResultViewController.swift */; };
		CBAF039D208C723700288355 /* AppDelegate.swift in Sources */ = {isa = PBXBuildFile; fileRef = CBAF039C208C723700288355 /* AppDelegate.swift */; };
		CBAF039F208C723700288355 /* ViewController.swift in Sources */ = {isa = PBXBuildFile; fileRef = CBAF039E208C723700288355 /* ViewController.swift */; };
		CBAF03A2208C723700288355 /* Main.storyboard in Resources */ = {isa = PBXBuildFile; fileRef = CBAF03A0208C723700288355 /* Main.storyboard */; };
		CBAF03A4208C723800288355 /* Assets.xcassets in Resources */ = {isa = PBXBuildFile; fileRef = CBAF03A3208C723800288355 /* Assets.xcassets */; };
		CBAF03A7208C723800288355 /* LaunchScreen.storyboard in Resources */ = {isa = PBXBuildFile; fileRef = CBAF03A5208C723800288355 /* LaunchScreen.storyboard */; };
		CBAF03AF208C79C900288355 /* 192287960.jpg in Resources */ = {isa = PBXBuildFile; fileRef = CBAF03AE208C79C900288355 /* 192287960.jpg */; };
		CBAF03B1208C79DA00288355 /* 86410136.jpg in Resources */ = {isa = PBXBuildFile; fileRef = CBAF03B0208C79DA00288355 /* 86410136.jpg */; };
/* End PBXBuildFile section */

/* Begin PBXFileReference section */
		CB26E699208DE6F600DEFA69 /* 105549951.jpg */ = {isa = PBXFileReference; lastKnownFileType = image.jpeg; path = 105549951.jpg; sourceTree = "<group>"; };
		CB3344A7208F15110007F646 /* ResultViewController.swift */ = {isa = PBXFileReference; lastKnownFileType = sourcecode.swift; path = ResultViewController.swift; sourceTree = "<group>"; };
		CBAF0399208C723700288355 /* SlideshowApp.app */ = {isa = PBXFileReference; explicitFileType = wrapper.application; includeInIndex = 0; path = SlideshowApp.app; sourceTree = BUILT_PRODUCTS_DIR; };
		CBAF039C208C723700288355 /* AppDelegate.swift */ = {isa = PBXFileReference; lastKnownFileType = sourcecode.swift; path = AppDelegate.swift; sourceTree = "<group>"; };
		CBAF039E208C723700288355 /* ViewController.swift */ = {isa = PBXFileReference; lastKnownFileType = sourcecode.swift; path = ViewController.swift; sourceTree = "<group>"; };
		CBAF03A1208C723700288355 /* Base */ = {isa = PBXFileReference; lastKnownFileType = file.storyboard; name = Base; path = Base.lproj/Main.storyboard; sourceTree = "<group>"; };
		CBAF03A3208C723800288355 /* Assets.xcassets */ = {isa = PBXFileReference; lastKnownFileType = folder.assetcatalog; path = Assets.xcassets; sourceTree = "<group>"; };
		CBAF03A6208C723800288355 /* Base */ = {isa = PBXFileReference; lastKnownFileType = file.storyboard; name = Base; path = Base.lproj/LaunchScreen.storyboard; sourceTree = "<group>"; };
		CBAF03A8208C723800288355 /* Info.plist */ = {isa = PBXFileReference; lastKnownFileType = text.plist.xml; path = Info.plist; sourceTree = "<group>"; };
		CBAF03AE208C79C900288355 /* 192287960.jpg */ = {isa = PBXFileReference; lastKnownFileType = image.jpeg; path = 192287960.jpg; sourceTree = "<group>"; };
		CBAF03B0208C79DA00288355 /* 86410136.jpg */ = {isa = PBXFileReference; lastKnownFileType = image.jpeg; path = 86410136.jpg; sourceTree = "<group>"; };
/* End PBXFileReference section */

/* Begin PBXFrameworksBuildPhase section */
		CBAF0396208C723700288355 /* Frameworks */ = {
			isa = PBXFrameworksBuildPhase;
			buildActionMask = 2147483647;
			files = (
			);
			runOnlyForDeploymentPostprocessing = 0;
		};
/* End PBXFrameworksBuildPhase section */

/* Begin PBXGroup section */
		CBAF0390208C723700288355 = {
			isa = PBXGroup;
			children = (
				CBAF039B208C723700288355 /* SlideshowApp */,
				CBAF039A208C723700288355 /* Products */,
			);
			sourceTree = "<group>";
		};
		CBAF039A208C723700288355 /* Products */ = {
			isa = PBXGroup;
			children = (
				CBAF0399208C723700288355 /* SlideshowApp.app */,
			);
			name = Products;
			sourceTree = "<group>";
		};
		CBAF039B208C723700288355 /* SlideshowApp */ = {
			isa = PBXGroup;
			children = (
				CBAF039C208C723700288355 /* AppDelegate.swift */,
				CBAF039E208C723700288355 /* ViewController.swift */,
				CBAF03B0208C79DA00288355 /* 86410136.jpg */,
				CBAF03AE208C79C900288355 /* 192287960.jpg */,
				CB26E699208DE6F600DEFA69 /* 105549951.jpg */,
				CBAF03A0208C723700288355 /* Main.storyboard */,
				CBAF03A3208C723800288355 /* Assets.xcassets */,
				CBAF03A5208C723800288355 /* LaunchScreen.storyboard */,
				CBAF03A8208C723800288355 /* Info.plist */,
				CB3344A7208F15110007F646 /* ResultViewController.swift */,
			);
			path = SlideshowApp;
			sourceTree = "<group>";
		};
/* End PBXGroup section */

/* Begin PBXNativeTarget section */
		CBAF0398208C723700288355 /* SlideshowApp */ = {
			isa = PBXNativeTarget;
			buildConfigurationList = CBAF03AB208C723800288355 /* Build configuration list for PBXNativeTarget "SlideshowApp" */;
			buildPhases = (
				CBAF0395208C723700288355 /* Sources */,
				CBAF0396208C723700288355 /* Frameworks */,
				CBAF0397208C723700288355 /* Resources */,
			);
			buildRules = (
			);
			dependencies = (
			);
			name = SlideshowApp;
			productName = SlideshowApp;
			productReference = CBAF0399208C723700288355 /* SlideshowApp.app */;
			productType = "com.apple.product-type.application";
		};
/* End PBXNativeTarget section */

/* Begin PBXProject section */
		CBAF0391208C723700288355 /* Project object */ = {
			isa = PBXProject;
			attributes = {
				LastSwiftUpdateCheck = 0930;
				LastUpgradeCheck = 0930;
				ORGANIZATIONNAME = tatsuya.yamasaki2;
				TargetAttributes = {
					CBAF0398208C723700288355 = {
						CreatedOnToolsVersion = 9.3;
					};
				};
			};
			buildConfigurationList = CBAF0394208C723700288355 /* Build configuration list for PBXProject "SlideshowApp" */;
			compatibilityVersion = "Xcode 9.3";
			developmentRegion = en;
			hasScannedForEncodings = 0;
			knownRegions = (
				en,
				Base,
			);
			mainGroup = CBAF0390208C723700288355;
			productRefGroup = CBAF039A208C723700288355 /* Products */;
			projectDirPath = "";
			projectRoot = "";
			targets = (
				CBAF0398208C723700288355 /* SlideshowApp */,
			);
		};
/* End PBXProject section */

/* Begin PBXResourcesBuildPhase section */
		CBAF0397208C723700288355 /* Resources */ = {
			isa = PBXResourcesBuildPhase;
			buildActionMask = 2147483647;
			files = (
				CBAF03AF208C79C900288355 /* 192287960.jpg in Resources */,
				CBAF03B1208C79DA00288355 /* 86410136.jpg in Resources */,
				CBAF03A7208C723800288355 /* LaunchScreen.storyboard in Resources */,
				CB26E69A208DE6F600DEFA69 /* 105549951.jpg in Resources */,
				CBAF03A4208C723800288355 /* Assets.xcassets in Resources */,
				CBAF03A2208C723700288355 /* Main.storyboard in Resources */,
			);
			runOnlyForDeploymentPostprocessing = 0;
		};
/* End PBXResourcesBuildPhase section */

/* Begin PBXSourcesBuildPhase section */
		CBAF0395208C723700288355 /* Sources */ = {
			isa = PBXSourcesBuildPhase;
			buildActionMask = 2147483647;
			files = (
				CBAF039F208C723700288355 /* ViewController.swift in Sources */,
				CBAF039D208C723700288355 /* AppDelegate.swift in Sources */,
				CB3344A8208F15110007F646 /* ResultViewController.swift in Sources */,
			);
			runOnlyForDeploymentPostprocessing = 0;
		};
/* End PBXSourcesBuildPhase section */

/* Begin PBXVariantGroup section */
		CBAF03A0208C723700288355 /* Main.storyboard */ = {
			isa = PBXVariantGroup;
			children = (
				CBAF03A1208C723700288355 /* Base */,
			);
			name = Main.storyboard;
			sourceTree = "<group>";
		};
		CBAF03A5208C723800288355 /* LaunchScreen.storyboard */ = {
			isa = PBXVariantGroup;
			children = (
				CBAF03A6208C723800288355 /* Base */,
			);
			name = LaunchScreen.storyboard;
			sourceTree = "<group>";
		};
/* End PBXVariantGroup section */

/* Begin XCBuildConfiguration section */
		CBAF03A9208C723800288355 /* Debug */ = {
			isa = XCBuildConfiguration;
			buildSettings = {
				ALWAYS_SEARCH_USER_PATHS = NO;
				CLANG_ANALYZER_NONNULL = YES;
				CLANG_ANALYZER_NUMBER_OBJECT_CONVERSION = YES_AGGRESSIVE;
				CLANG_CXX_LANGUAGE_STANDARD = "gnu++14";
				CLANG_CXX_LIBRARY = "libc++";
				CLANG_ENABLE_MODULES = YES;
				CLANG_ENABLE_OBJC_ARC = YES;
				CLANG_ENABLE_OBJC_WEAK = YES;
				CLANG_WARN_BLOCK_CAPTURE_AUTORELEASING = YES;
				CLANG_WARN_BOOL_CONVERSION = YES;
				CLANG_WARN_COMMA = YES;
				CLANG_WARN_CONSTANT_CONVERSION = YES;
				CLANG_WARN_DEPRECATED_OBJC_IMPLEMENTATIONS = YES;
				CLANG_WARN_DIRECT_OBJC_ISA_USAGE = YES_ERROR;
				CLANG_WARN_DOCUMENTATION_COMMENTS = YES;
				CLANG_WARN_EMPTY_BODY = YES;
				CLANG_WARN_ENUM_CONVERSION = YES;
				CLANG_WARN_INFINITE_RECURSION = YES;
				CLANG_WARN_INT_CONVERSION = YES;
				CLANG_WARN_NON_LITERAL_NULL_CONVERSION = YES;
				CLANG_WARN_OBJC_IMPLICIT_RETAIN_SELF = YES;
				CLANG_WARN_OBJC_LITERAL_CONVERSION = YES;
				CLANG_WARN_OBJC_ROOT_CLASS = YES_ERROR;
				CLANG_WARN_RANGE_LOOP_ANALYSIS = YES;
				CLANG_WARN_STRICT_PROTOTYPES = YES;
				CLANG_WARN_SUSPICIOUS_MOVE = YES;
				CLANG_WARN_UNGUARDED_AVAILABILITY = YES_AGGRESSIVE;
				CLANG_WARN_UNREACHABLE_CODE = YES;
				CLANG_WARN__DUPLICATE_METHOD_MATCH = YES;
				CODE_SIGN_IDENTITY = "iPhone Developer";
				COPY_PHASE_STRIP = NO;
				DEBUG_INFORMATION_FORMAT = dwarf;
				ENABLE_STRICT_OBJC_MSGSEND = YES;
				ENABLE_TESTABILITY = YES;
				GCC_C_LANGUAGE_STANDARD = gnu11;
				GCC_DYNAMIC_NO_PIC = NO;
				GCC_NO_COMMON_BLOCKS = YES;
				GCC_OPTIMIZATION_LEVEL = 0;
				GCC_PREPROCESSOR_DEFINITIONS = (
					"DEBUG=1",
					"$(inherited)",
				);
				GCC_WARN_64_TO_32_BIT_CONVERSION = YES;
				GCC_WARN_ABOUT_RETURN_TYPE = YES_ERROR;
				GCC_WARN_UNDECLARED_SELECTOR = YES;
				GCC_WARN_UNINITIALIZED_AUTOS = YES_AGGRESSIVE;
				GCC_WARN_UNUSED_FUNCTION = YES;
				GCC_WARN_UNUSED_VARIABLE = YES;
				IPHONEOS_DEPLOYMENT_TARGET = 11.3;
				MTL_ENABLE_DEBUG_INFO = YES;
				ONLY_ACTIVE_ARCH = YES;
				SDKROOT = iphoneos;
				SWIFT_ACTIVE_COMPILATION_CONDITIONS = DEBUG;
				SWIFT_OPTIMIZATION_LEVEL = "-Onone";
			};
			name = Debug;
		};
		CBAF03AA208C723800288355 /* Release */ = {
			isa = XCBuildConfiguration;
			buildSettings = {
				ALWAYS_SEARCH_USER_PATHS = NO;
				CLANG_ANALYZER_NONNULL = YES;
				CLANG_ANALYZER_NUMBER_OBJECT_CONVERSION = YES_AGGRESSIVE;
				CLANG_CXX_LANGUAGE_STANDARD = "gnu++14";
				CLANG_CXX_LIBRARY = "libc++";
				CLANG_ENABLE_MODULES = YES;
				CLANG_ENABLE_OBJC_ARC = YES;
				CLANG_ENABLE_OBJC_WEAK = YES;
				CLANG_WARN_BLOCK_CAPTURE_AUTORELEASING = YES;
				CLANG_WARN_BOOL_CONVERSION = YES;
				CLANG_WARN_COMMA = YES;
				CLANG_WARN_CONSTANT_CONVERSION = YES;
				CLANG_WARN_DEPRECATED_OBJC_IMPLEMENTATIONS = YES;
				CLANG_WARN_DIRECT_OBJC_ISA_USAGE = YES_ERROR;
				CLANG_WARN_DOCUMENTATION_COMMENTS = YES;
				CLANG_WARN_EMPTY_BODY = YES;
				CLANG_WARN_ENUM_CONVERSION = YES;
				CLANG_WARN_INFINITE_RECURSION = YES;
				CLANG_WARN_INT_CONVERSION = YES;
				CLANG_WARN_NON_LITERAL_NULL_CONVERSION = YES;
				CLANG_WARN_OBJC_IMPLICIT_RETAIN_SELF = YES;
				CLANG_WARN_OBJC_LITERAL_CONVERSION = YES;
				CLANG_WARN_OBJC_ROOT_CLASS = YES_ERROR;
				CLANG_WARN_RANGE_LOOP_ANALYSIS = YES;
				CLANG_WARN_STRICT_PROTOTYPES = YES;
				CLANG_WARN_SUSPICIOUS_MOVE = YES;
				CLANG_WARN_UNGUARDED_AVAILABILITY = YES_AGGRESSIVE;
				CLANG_WARN_UNREACHABLE_CODE = YES;
				CLANG_WARN__DUPLICATE_METHOD_MATCH = YES;
				CODE_SIGN_IDENTITY = "iPhone Developer";
				COPY_PHASE_STRIP = NO;
				DEBUG_INFORMATION_FORMAT = "dwarf-with-dsym";
				ENABLE_NS_ASSERTIONS = NO;
				ENABLE_STRICT_OBJC_MSGSEND = YES;
				GCC_C_LANGUAGE_STANDARD = gnu11;
				GCC_NO_COMMON_BLOCKS = YES;
				GCC_WARN_64_TO_32_BIT_CONVERSION = YES;
				GCC_WARN_ABOUT_RETURN_TYPE = YES_ERROR;
				GCC_WARN_UNDECLARED_SELECTOR = YES;
				GCC_WARN_UNINITIALIZED_AUTOS = YES_AGGRESSIVE;
				GCC_WARN_UNUSED_FUNCTION = YES;
				GCC_WARN_UNUSED_VARIABLE = YES;
				IPHONEOS_DEPLOYMENT_TARGET = 11.3;
				MTL_ENABLE_DEBUG_INFO = NO;
				SDKROOT = iphoneos;
				SWIFT_COMPILATION_MODE = wholemodule;
				SWIFT_OPTIMIZATION_LEVEL = "-O";
				VALIDATE_PRODUCT = YES;
			};
			name = Release;
		};
		CBAF03AC208C723800288355 /* Debug */ = {
			isa = XCBuildConfiguration;
			buildSettings = {
				ASSETCATALOG_COMPILER_APPICON_NAME = AppIcon;
				CODE_SIGN_STYLE = Automatic;
				DEVELOPMENT_TEAM = 76F67P5F8C;
				INFOPLIST_FILE = SlideshowApp/Info.plist;
				LD_RUNPATH_SEARCH_PATHS = (
					"$(inherited)",
					"@executable_path/Frameworks",
				);
				PRODUCT_BUNDLE_IDENTIFIER = jp.techacademy.tatsuya.yamasaki2.SlideshowApp;
				PRODUCT_NAME = "$(TARGET_NAME)";
				SWIFT_VERSION = 4.0;
				TARGETED_DEVICE_FAMILY = "1,2";
			};
			name = Debug;
		};
		CBAF03AD208C723800288355 /* Release */ = {
			isa = XCBuildConfiguration;
			buildSettings = {
				ASSETCATALOG_COMPILER_APPICON_NAME = AppIcon;
				CODE_SIGN_STYLE = Automatic;
				DEVELOPMENT_TEAM = 76F67P5F8C;
				INFOPLIST_FILE = SlideshowApp/Info.plist;
				LD_RUNPATH_SEARCH_PATHS = (
					"$(inherited)",
					"@executable_path/Frameworks",
				);
				PRODUCT_BUNDLE_IDENTIFIER = jp.techacademy.tatsuya.yamasaki2.SlideshowApp;
				PRODUCT_NAME = "$(TARGET_NAME)";
				SWIFT_VERSION = 4.0;
				TARGETED_DEVICE_FAMILY = "1,2";
			};
			name = Release;
		};
/* End XCBuildConfiguration section */

/* Begin XCConfigurationList section */
		CBAF0394208C723700288355 /* Build configuration list for PBXProject "SlideshowApp" */ = {
			isa = XCConfigurationList;
			buildConfigurations = (
				CBAF03A9208C723800288355 /* Debug */,
				CBAF03AA208C723800288355 /* Release */,
			);
			defaultConfigurationIsVisible = 0;
			defaultConfigurationName = Release;
		};
		CBAF03AB208C723800288355 /* Build configuration list for PBXNativeTarget "SlideshowApp" */ = {
			isa = XCConfigurationList;
			buildConfigurations = (
				CBAF03AC208C723800288355 /* Debug */,
				CBAF03AD208C723800288355 /* Release */,
			);
			defaultConfigurationIsVisible = 0;
			defaultConfigurationName = Release;
		};
/* End XCConfigurationList section */
	};
	rootObject = CBAF0391208C723700288355 /* Project object */;
}
